
Microsoft Visual Studio Solution File, Format Version 12.00
Project("{FAE04EC0-301F-11D3-BF4B-00C04F79EFBC}") = "ServerMonitoringAndNotificationSystem", "ServerMonitoringAndNotificationSystem\ServerMonitoringAndNotificationSystem.csproj", "{680993D6-23D1-459F-AD41-292A6D63ACE8}"
EndProject
Global
	GlobalSection(SolutionConfigurationPlatforms) = preSolution
		Debug|Any CPU = Debug|Any CPU
		Release|Any CPU = Release|Any CPU
	EndGlobalSection
	GlobalSection(ProjectConfigurationPlatforms) = postSolution
		{680993D6-23D1-459F-AD41-292A6D63ACE8}.Debug|Any CPU.ActiveCfg = Debug|Any CPU
		{680993D6-23D1-459F-AD41-292A6D63ACE8}.Debug|Any CPU.Build.0 = Debug|Any CPU
		{680993D6-23D1-459F-AD41-292A6D63ACE8}.Release|Any CPU.ActiveCfg = Release|Any CPU
		{680993D6-23D1-459F-AD41-292A6D63ACE8}.Release|Any CPU.Build.0 = Release|Any CPU
	EndGlobalSection
EndGlobal
